// !$*UTF8*$!
{
	archiveVersion = 1;
	classes = {
	};
	objectVersion = 56;
	objects = {

/* Begin PBXBuildFile section */
		DDF0082829C60A2900D4EB6A /* AppDelegate.swift in Sources */ = {isa = PBXBuildFile; fileRef = DDF0082729C60A2900D4EB6A /* AppDelegate.swift */; };
		DDF0082A29C60A2900D4EB6A /* SceneDelegate.swift in Sources */ = {isa = PBXBuildFile; fileRef = DDF0082929C60A2900D4EB6A /* SceneDelegate.swift */; };
		DDF0082C29C60A2900D4EB6A /* ViewController.swift in Sources */ = {isa = PBXBuildFile; fileRef = DDF0082B29C60A2900D4EB6A /* ViewController.swift */; };
		DDF0082F29C60A2900D4EB6A /* Main.storyboard in Resources */ = {isa = PBXBuildFile; fileRef = DDF0082D29C60A2900D4EB6A /* Main.storyboard */; };
		DDF0083129C60A2A00D4EB6A /* Assets.xcassets in Resources */ = {isa = PBXBuildFile; fileRef = DDF0083029C60A2A00D4EB6A /* Assets.xcassets */; };
		DDF0083429C60A2A00D4EB6A /* LaunchScreen.storyboard in Resources */ = {isa = PBXBuildFile; fileRef = DDF0083229C60A2A00D4EB6A /* LaunchScreen.storyboard */; };
		DDF0083F29C60A2A00D4EB6A /* AppStoreSearchCloneTests.swift in Sources */ = {isa = PBXBuildFile; fileRef = DDF0083E29C60A2A00D4EB6A /* AppStoreSearchCloneTests.swift */; };
		DDF0084929C60A2A00D4EB6A /* AppStoreSearchCloneUITests.swift in Sources */ = {isa = PBXBuildFile; fileRef = DDF0084829C60A2A00D4EB6A /* AppStoreSearchCloneUITests.swift */; };
		DDF0084B29C60A2A00D4EB6A /* AppStoreSearchCloneUITestsLaunchTests.swift in Sources */ = {isa = PBXBuildFile; fileRef = DDF0084A29C60A2A00D4EB6A /* AppStoreSearchCloneUITestsLaunchTests.swift */; };
/* End PBXBuildFile section */

/* Begin PBXContainerItemProxy section */
		DDF0083B29C60A2A00D4EB6A /* PBXContainerItemProxy */ = {
			isa = PBXContainerItemProxy;
			containerPortal = DDF0081C29C60A2900D4EB6A /* Project object */;
			proxyType = 1;
			remoteGlobalIDString = DDF0082329C60A2900D4EB6A;
			remoteInfo = AppStoreSearchClone;
		};
		DDF0084529C60A2A00D4EB6A /* PBXContainerItemProxy */ = {
			isa = PBXContainerItemProxy;
			containerPortal = DDF0081C29C60A2900D4EB6A /* Project object */;
			proxyType = 1;
			remoteGlobalIDString = DDF0082329C60A2900D4EB6A;
			remoteInfo = AppStoreSearchClone;
		};
/* End PBXContainerItemProxy section */

/* Begin PBXFileReference section */
		DDF0082429C60A2900D4EB6A /* AppStoreSearchClone.app */ = {isa = PBXFileReference; explicitFileType = wrapper.application; includeInIndex = 0; path = AppStoreSearchClone.app; sourceTree = BUILT_PRODUCTS_DIR; };
		DDF0082729C60A2900D4EB6A /* AppDelegate.swift */ = {isa = PBXFileReference; lastKnownFileType = sourcecode.swift; path = AppDelegate.swift; sourceTree = "<group>"; };
		DDF0082929C60A2900D4EB6A /* SceneDelegate.swift */ = {isa = PBXFileReference; lastKnownFileType = sourcecode.swift; path = SceneDelegate.swift; sourceTree = "<group>"; };
		DDF0082B29C60A2900D4EB6A /* ViewController.swift */ = {isa = PBXFileReference; lastKnownFileType = sourcecode.swift; path = ViewController.swift; sourceTree = "<group>"; };
		DDF0082E29C60A2900D4EB6A /* Base */ = {isa = PBXFileReference; lastKnownFileType = file.storyboard; name = Base; path = Base.lproj/Main.storyboard; sourceTree = "<group>"; };
		DDF0083029C60A2A00D4EB6A /* Assets.xcassets */ = {isa = PBXFileReference; lastKnownFileType = folder.assetcatalog; path = Assets.xcassets; sourceTree = "<group>"; };
		DDF0083329C60A2A00D4EB6A /* Base */ = {isa = PBXFileReference; lastKnownFileType = file.storyboard; name = Base; path = Base.lproj/LaunchScreen.storyboard; sourceTree = "<group>"; };
		DDF0083529C60A2A00D4EB6A /* Info.plist */ = {isa = PBXFileReference; lastKnownFileType = text.plist.xml; path = Info.plist; sourceTree = "<group>"; };
		DDF0083A29C60A2A00D4EB6A /* AppStoreSearchCloneTests.xctest */ = {isa = PBXFileReference; explicitFileType = wrapper.cfbundle; includeInIndex = 0; path = AppStoreSearchCloneTests.xctest; sourceTree = BUILT_PRODUCTS_DIR; };
		DDF0083E29C60A2A00D4EB6A /* AppStoreSearchCloneTests.swift */ = {isa = PBXFileReference; lastKnownFileType = sourcecode.swift; path = AppStoreSearchCloneTests.swift; sourceTree = "<group>"; };
		DDF0084429C60A2A00D4EB6A /* AppStoreSearchCloneUITests.xctest */ = {isa = PBXFileReference; explicitFileType = wrapper.cfbundle; includeInIndex = 0; path = AppStoreSearchCloneUITests.xctest; sourceTree = BUILT_PRODUCTS_DIR; };
		DDF0084829C60A2A00D4EB6A /* AppStoreSearchCloneUITests.swift */ = {isa = PBXFileReference; lastKnownFileType = sourcecode.swift; path = AppStoreSearchCloneUITests.swift; sourceTree = "<group>"; };
		DDF0084A29C60A2A00D4EB6A /* AppStoreSearchCloneUITestsLaunchTests.swift */ = {isa = PBXFileReference; lastKnownFileType = sourcecode.swift; path = AppStoreSearchCloneUITestsLaunchTests.swift; sourceTree = "<group>"; };
/* End PBXFileReference section */

/* Begin PBXFrameworksBuildPhase section */
		DDF0082129C60A2900D4EB6A /* Frameworks */ = {
			isa = PBXFrameworksBuildPhase;
			buildActionMask = 2147483647;
			files = (
			);
			runOnlyForDeploymentPostprocessing = 0;
		};
		DDF0083729C60A2A00D4EB6A /* Frameworks */ = {
			isa = PBXFrameworksBuildPhase;
			buildActionMask = 2147483647;
			files = (
			);
			runOnlyForDeploymentPostprocessing = 0;
		};
		DDF0084129C60A2A00D4EB6A /* Frameworks */ = {
			isa = PBXFrameworksBuildPhase;
			buildActionMask = 2147483647;
			files = (
			);
			runOnlyForDeploymentPostprocessing = 0;
		};
/* End PBXFrameworksBuildPhase section */

/* Begin PBXGroup section */
		DDF0081B29C60A2900D4EB6A = {
			isa = PBXGroup;
			children = (
				DDF0082629C60A2900D4EB6A /* AppStoreSearchClone */,
				DDF0083D29C60A2A00D4EB6A /* AppStoreSearchCloneTests */,
				DDF0084729C60A2A00D4EB6A /* AppStoreSearchCloneUITests */,
				DDF0082529C60A2900D4EB6A /* Products */,
			);
			sourceTree = "<group>";
		};
		DDF0082529C60A2900D4EB6A /* Products */ = {
			isa = PBXGroup;
			children = (
				DDF0082429C60A2900D4EB6A /* AppStoreSearchClone.app */,
				DDF0083A29C60A2A00D4EB6A /* AppStoreSearchCloneTests.xctest */,
				DDF0084429C60A2A00D4EB6A /* AppStoreSearchCloneUITests.xctest */,
			);
			name = Products;
			sourceTree = "<group>";
		};
		DDF0082629C60A2900D4EB6A /* AppStoreSearchClone */ = {
			isa = PBXGroup;
			children = (
				DDF0082729C60A2900D4EB6A /* AppDelegate.swift */,
				DDF0082929C60A2900D4EB6A /* SceneDelegate.swift */,
				DDF0082B29C60A2900D4EB6A /* ViewController.swift */,
				DDF0082D29C60A2900D4EB6A /* Main.storyboard */,
				DDF0083029C60A2A00D4EB6A /* Assets.xcassets */,
				DDF0083229C60A2A00D4EB6A /* LaunchScreen.storyboard */,
				DDF0083529C60A2A00D4EB6A /* Info.plist */,
			);
			path = AppStoreSearchClone;
			sourceTree = "<group>";
		};
		DDF0083D29C60A2A00D4EB6A /* AppStoreSearchCloneTests */ = {
			isa = PBXGroup;
			children = (
				DDF0083E29C60A2A00D4EB6A /* AppStoreSearchCloneTests.swift */,
			);
			path = AppStoreSearchCloneTests;
			sourceTree = "<group>";
		};
		DDF0084729C60A2A00D4EB6A /* AppStoreSearchCloneUITests */ = {
			isa = PBXGroup;
			children = (
				DDF0084829C60A2A00D4EB6A /* AppStoreSearchCloneUITests.swift */,
				DDF0084A29C60A2A00D4EB6A /* AppStoreSearchCloneUITestsLaunchTests.swift */,
			);
			path = AppStoreSearchCloneUITests;
			sourceTree = "<group>";
		};
/* End PBXGroup section */

/* Begin PBXNativeTarget section */
		DDF0082329C60A2900D4EB6A /* AppStoreSearchClone */ = {
			isa = PBXNativeTarget;
			buildConfigurationList = DDF0084E29C60A2A00D4EB6A /* Build configuration list for PBXNativeTarget "AppStoreSearchClone" */;
			buildPhases = (
				DDF0082029C60A2900D4EB6A /* Sources */,
				DDF0082129C60A2900D4EB6A /* Frameworks */,
				DDF0082229C60A2900D4EB6A /* Resources */,
			);
			buildRules = (
			);
			dependencies = (
			);
			name = AppStoreSearchClone;
			productName = AppStoreSearchClone;
			productReference = DDF0082429C60A2900D4EB6A /* AppStoreSearchClone.app */;
			productType = "com.apple.product-type.application";
		};
		DDF0083929C60A2A00D4EB6A /* AppStoreSearchCloneTests */ = {
			isa = PBXNativeTarget;
			buildConfigurationList = DDF0085129C60A2A00D4EB6A /* Build configuration list for PBXNativeTarget "AppStoreSearchCloneTests" */;
			buildPhases = (
				DDF0083629C60A2A00D4EB6A /* Sources */,
				DDF0083729C60A2A00D4EB6A /* Frameworks */,
				DDF0083829C60A2A00D4EB6A /* Resources */,
			);
			buildRules = (
			);
			dependencies = (
				DDF0083C29C60A2A00D4EB6A /* PBXTargetDependency */,
			);
			name = AppStoreSearchCloneTests;
			productName = AppStoreSearchCloneTests;
			productReference = DDF0083A29C60A2A00D4EB6A /* AppStoreSearchCloneTests.xctest */;
			productType = "com.apple.product-type.bundle.unit-test";
		};
		DDF0084329C60A2A00D4EB6A /* AppStoreSearchCloneUITests */ = {
			isa = PBXNativeTarget;
			buildConfigurationList = DDF0085429C60A2A00D4EB6A /* Build configuration list for PBXNativeTarget "AppStoreSearchCloneUITests" */;
			buildPhases = (
				DDF0084029C60A2A00D4EB6A /* Sources */,
				DDF0084129C60A2A00D4EB6A /* Frameworks */,
				DDF0084229C60A2A00D4EB6A /* Resources */,
			);
			buildRules = (
			);
			dependencies = (
				DDF0084629C60A2A00D4EB6A /* PBXTargetDependency */,
			);
			name = AppStoreSearchCloneUITests;
			productName = AppStoreSearchCloneUITests;
			productReference = DDF0084429C60A2A00D4EB6A /* AppStoreSearchCloneUITests.xctest */;
			productType = "com.apple.product-type.bundle.ui-testing";
		};
/* End PBXNativeTarget section */

/* Begin PBXProject section */
		DDF0081C29C60A2900D4EB6A /* Project object */ = {
			isa = PBXProject;
			attributes = {
				BuildIndependentTargetsInParallel = 1;
				LastSwiftUpdateCheck = 1420;
				LastUpgradeCheck = 1420;
				TargetAttributes = {
					DDF0082329C60A2900D4EB6A = {
						CreatedOnToolsVersion = 14.2;
					};
					DDF0083929C60A2A00D4EB6A = {
						CreatedOnToolsVersion = 14.2;
						TestTargetID = DDF0082329C60A2900D4EB6A;
					};
					DDF0084329C60A2A00D4EB6A = {
						CreatedOnToolsVersion = 14.2;
						TestTargetID = DDF0082329C60A2900D4EB6A;
					};
				};
			};
			buildConfigurationList = DDF0081F29C60A2900D4EB6A /* Build configuration list for PBXProject "AppStoreSearchClone" */;
			compatibilityVersion = "Xcode 14.0";
			developmentRegion = en;
			hasScannedForEncodings = 0;
			knownRegions = (
				en,
				Base,
			);
			mainGroup = DDF0081B29C60A2900D4EB6A;
			productRefGroup = DDF0082529C60A2900D4EB6A /* Products */;
			projectDirPath = "";
			projectRoot = "";
			targets = (
				DDF0082329C60A2900D4EB6A /* AppStoreSearchClone */,
				DDF0083929C60A2A00D4EB6A /* AppStoreSearchCloneTests */,
				DDF0084329C60A2A00D4EB6A /* AppStoreSearchCloneUITests */,
			);
		};
/* End PBXProject section */

/* Begin PBXResourcesBuildPhase section */
		DDF0082229C60A2900D4EB6A /* Resources */ = {
			isa = PBXResourcesBuildPhase;
			buildActionMask = 2147483647;
			files = (
				DDF0083429C60A2A00D4EB6A /* LaunchScreen.storyboard in Resources */,
				DDF0083129C60A2A00D4EB6A /* Assets.xcassets in Resources */,
				DDF0082F29C60A2900D4EB6A /* Main.storyboard in Resources */,
			);
			runOnlyForDeploymentPostprocessing = 0;
		};
		DDF0083829C60A2A00D4EB6A /* Resources */ = {
			isa = PBXResourcesBuildPhase;
			buildActionMask = 2147483647;
			files = (
			);
			runOnlyForDeploymentPostprocessing = 0;
		};
		DDF0084229C60A2A00D4EB6A /* Resources */ = {
			isa = PBXResourcesBuildPhase;
			buildActionMask = 2147483647;
			files = (
			);
			runOnlyForDeploymentPostprocessing = 0;
		};
/* End PBXResourcesBuildPhase section */

/* Begin PBXSourcesBuildPhase section */
		DDF0082029C60A2900D4EB6A /* Sources */ = {
			isa = PBXSourcesBuildPhase;
			buildActionMask = 2147483647;
			files = (
				DDF0082C29C60A2900D4EB6A /* ViewController.swift in Sources */,
				DDF0082829C60A2900D4EB6A /* AppDelegate.swift in Sources */,
				DDF0082A29C60A2900D4EB6A /* SceneDelegate.swift in Sources */,
			);
			runOnlyForDeploymentPostprocessing = 0;
		};
		DDF0083629C60A2A00D4EB6A /* Sources */ = {
			isa = PBXSourcesBuildPhase;
			buildActionMask = 2147483647;
			files = (
				DDF0083F29C60A2A00D4EB6A /* AppStoreSearchCloneTests.swift in Sources */,
			);
			runOnlyForDeploymentPostprocessing = 0;
		};
		DDF0084029C60A2A00D4EB6A /* Sources */ = {
			isa = PBXSourcesBuildPhase;
			buildActionMask = 2147483647;
			files = (
				DDF0084B29C60A2A00D4EB6A /* AppStoreSearchCloneUITestsLaunchTests.swift in Sources */,
				DDF0084929C60A2A00D4EB6A /* AppStoreSearchCloneUITests.swift in Sources */,
			);
			runOnlyForDeploymentPostprocessing = 0;
		};
/* End PBXSourcesBuildPhase section */

/* Begin PBXTargetDependency section */
		DDF0083C29C60A2A00D4EB6A /* PBXTargetDependency */ = {
			isa = PBXTargetDependency;
			target = DDF0082329C60A2900D4EB6A /* AppStoreSearchClone */;
			targetProxy = DDF0083B29C60A2A00D4EB6A /* PBXContainerItemProxy */;
		};
		DDF0084629C60A2A00D4EB6A /* PBXTargetDependency */ = {
			isa = PBXTargetDependency;
			target = DDF0082329C60A2900D4EB6A /* AppStoreSearchClone */;
			targetProxy = DDF0084529C60A2A00D4EB6A /* PBXContainerItemProxy */;
		};
/* End PBXTargetDependency section */

/* Begin PBXVariantGroup section */
		DDF0082D29C60A2900D4EB6A /* Main.storyboard */ = {
			isa = PBXVariantGroup;
			children = (
				DDF0082E29C60A2900D4EB6A /* Base */,
			);
			name = Main.storyboard;
			sourceTree = "<group>";
		};
		DDF0083229C60A2A00D4EB6A /* LaunchScreen.storyboard */ = {
			isa = PBXVariantGroup;
			children = (
				DDF0083329C60A2A00D4EB6A /* Base */,
			);
			name = LaunchScreen.storyboard;
			sourceTree = "<group>";
		};
/* End PBXVariantGroup section */

/* Begin XCBuildConfiguration section */
		DDF0084C29C60A2A00D4EB6A /* Debug */ = {
			isa = XCBuildConfiguration;
			buildSettings = {
				ALWAYS_SEARCH_USER_PATHS = NO;
				CLANG_ANALYZER_NONNULL = YES;
				CLANG_ANALYZER_NUMBER_OBJECT_CONVERSION = YES_AGGRESSIVE;
				CLANG_CXX_LANGUAGE_STANDARD = "gnu++20";
				CLANG_ENABLE_MODULES = YES;
				CLANG_ENABLE_OBJC_ARC = YES;
				CLANG_ENABLE_OBJC_WEAK = YES;
				CLANG_WARN_BLOCK_CAPTURE_AUTORELEASING = YES;
				CLANG_WARN_BOOL_CONVERSION = YES;
				CLANG_WARN_COMMA = YES;
				CLANG_WARN_CONSTANT_CONVERSION = YES;
				CLANG_WARN_DEPRECATED_OBJC_IMPLEMENTATIONS = YES;
				CLANG_WARN_DIRECT_OBJC_ISA_USAGE = YES_ERROR;
				CLANG_WARN_DOCUMENTATION_COMMENTS = YES;
				CLANG_WARN_EMPTY_BODY = YES;
				CLANG_WARN_ENUM_CONVERSION = YES;
				CLANG_WARN_INFINITE_RECURSION = YES;
				CLANG_WARN_INT_CONVERSION = YES;
				CLANG_WARN_NON_LITERAL_NULL_CONVERSION = YES;
				CLANG_WARN_OBJC_IMPLICIT_RETAIN_SELF = YES;
				CLANG_WARN_OBJC_LITERAL_CONVERSION = YES;
				CLANG_WARN_OBJC_ROOT_CLASS = YES_ERROR;
				CLANG_WARN_QUOTED_INCLUDE_IN_FRAMEWORK_HEADER = YES;
				CLANG_WARN_RANGE_LOOP_ANALYSIS = YES;
				CLANG_WARN_STRICT_PROTOTYPES = YES;
				CLANG_WARN_SUSPICIOUS_MOVE = YES;
				CLANG_WARN_UNGUARDED_AVAILABILITY = YES_AGGRESSIVE;
				CLANG_WARN_UNREACHABLE_CODE = YES;
				CLANG_WARN__DUPLICATE_METHOD_MATCH = YES;
				COPY_PHASE_STRIP = NO;
				DEBUG_INFORMATION_FORMAT = dwarf;
				ENABLE_STRICT_OBJC_MSGSEND = YES;
				ENABLE_TESTABILITY = YES;
				GCC_C_LANGUAGE_STANDARD = gnu11;
				GCC_DYNAMIC_NO_PIC = NO;
				GCC_NO_COMMON_BLOCKS = YES;
				GCC_OPTIMIZATION_LEVEL = 0;
				GCC_PREPROCESSOR_DEFINITIONS = (
					"DEBUG=1",
					"$(inherited)",
				);
				GCC_WARN_64_TO_32_BIT_CONVERSION = YES;
				GCC_WARN_ABOUT_RETURN_TYPE = YES_ERROR;
				GCC_WARN_UNDECLARED_SELECTOR = YES;
				GCC_WARN_UNINITIALIZED_AUTOS = YES_AGGRESSIVE;
				GCC_WARN_UNUSED_FUNCTION = YES;
				GCC_WARN_UNUSED_VARIABLE = YES;
				IPHONEOS_DEPLOYMENT_TARGET = 16.2;
				MTL_ENABLE_DEBUG_INFO = INCLUDE_SOURCE;
				MTL_FAST_MATH = YES;
				ONLY_ACTIVE_ARCH = YES;
				SDKROOT = iphoneos;
				SWIFT_ACTIVE_COMPILATION_CONDITIONS = DEBUG;
				SWIFT_OPTIMIZATION_LEVEL = "-Onone";
			};
			name = Debug;
		};
		DDF0084D29C60A2A00D4EB6A /* Release */ = {
			isa = XCBuildConfiguration;
			buildSettings = {
				ALWAYS_SEARCH_USER_PATHS = NO;
				CLANG_ANALYZER_NONNULL = YES;
				CLANG_ANALYZER_NUMBER_OBJECT_CONVERSION = YES_AGGRESSIVE;
				CLANG_CXX_LANGUAGE_STANDARD = "gnu++20";
				CLANG_ENABLE_MODULES = YES;
				CLANG_ENABLE_OBJC_ARC = YES;
				CLANG_ENABLE_OBJC_WEAK = YES;
				CLANG_WARN_BLOCK_CAPTURE_AUTORELEASING = YES;
				CLANG_WARN_BOOL_CONVERSION = YES;
				CLANG_WARN_COMMA = YES;
				CLANG_WARN_CONSTANT_CONVERSION = YES;
				CLANG_WARN_DEPRECATED_OBJC_IMPLEMENTATIONS = YES;
				CLANG_WARN_DIRECT_OBJC_ISA_USAGE = YES_ERROR;
				CLANG_WARN_DOCUMENTATION_COMMENTS = YES;
				CLANG_WARN_EMPTY_BODY = YES;
				CLANG_WARN_ENUM_CONVERSION = YES;
				CLANG_WARN_INFINITE_RECURSION = YES;
				CLANG_WARN_INT_CONVERSION = YES;
				CLANG_WARN_NON_LITERAL_NULL_CONVERSION = YES;
				CLANG_WARN_OBJC_IMPLICIT_RETAIN_SELF = YES;
				CLANG_WARN_OBJC_LITERAL_CONVERSION = YES;
				CLANG_WARN_OBJC_ROOT_CLASS = YES_ERROR;
				CLANG_WARN_QUOTED_INCLUDE_IN_FRAMEWORK_HEADER = YES;
				CLANG_WARN_RANGE_LOOP_ANALYSIS = YES;
				CLANG_WARN_STRICT_PROTOTYPES = YES;
				CLANG_WARN_SUSPICIOUS_MOVE = YES;
				CLANG_WARN_UNGUARDED_AVAILABILITY = YES_AGGRESSIVE;
				CLANG_WARN_UNREACHABLE_CODE = YES;
				CLANG_WARN__DUPLICATE_METHOD_MATCH = YES;
				COPY_PHASE_STRIP = NO;
				DEBUG_INFORMATION_FORMAT = "dwarf-with-dsym";
				ENABLE_NS_ASSERTIONS = NO;
				ENABLE_STRICT_OBJC_MSGSEND = YES;
				GCC_C_LANGUAGE_STANDARD = gnu11;
				GCC_NO_COMMON_BLOCKS = YES;
				GCC_WARN_64_TO_32_BIT_CONVERSION = YES;
				GCC_WARN_ABOUT_RETURN_TYPE = YES_ERROR;
				GCC_WARN_UNDECLARED_SELECTOR = YES;
				GCC_WARN_UNINITIALIZED_AUTOS = YES_AGGRESSIVE;
				GCC_WARN_UNUSED_FUNCTION = YES;
				GCC_WARN_UNUSED_VARIABLE = YES;
				IPHONEOS_DEPLOYMENT_TARGET = 16.2;
				MTL_ENABLE_DEBUG_INFO = NO;
				MTL_FAST_MATH = YES;
				SDKROOT = iphoneos;
				SWIFT_COMPILATION_MODE = wholemodule;
				SWIFT_OPTIMIZATION_LEVEL = "-O";
				VALIDATE_PRODUCT = YES;
			};
			name = Release;
		};
		DDF0084F29C60A2A00D4EB6A /* Debug */ = {
			isa = XCBuildConfiguration;
			buildSettings = {
				ASSETCATALOG_COMPILER_APPICON_NAME = AppIcon;
				ASSETCATALOG_COMPILER_GLOBAL_ACCENT_COLOR_NAME = AccentColor;
				CODE_SIGN_STYLE = Automatic;
				CURRENT_PROJECT_VERSION = 1;
				DEVELOPMENT_TEAM = XLTUC52FU8;
				GENERATE_INFOPLIST_FILE = YES;
				INFOPLIST_FILE = AppStoreSearchClone/Info.plist;
				INFOPLIST_KEY_UIApplicationSupportsIndirectInputEvents = YES;
				INFOPLIST_KEY_UILaunchStoryboardName = LaunchScreen;
				INFOPLIST_KEY_UIMainStoryboardFile = Main;
				INFOPLIST_KEY_UISupportedInterfaceOrientations_iPad = "UIInterfaceOrientationPortrait UIInterfaceOrientationPortraitUpsideDown UIInterfaceOrientationLandscapeLeft UIInterfaceOrientationLandscapeRight";
				INFOPLIST_KEY_UISupportedInterfaceOrientations_iPhone = "UIInterfaceOrientationPortrait UIInterfaceOrientationLandscapeLeft UIInterfaceOrientationLandscapeRight";
				LD_RUNPATH_SEARCH_PATHS = (
					"$(inherited)",
					"@executable_path/Frameworks",
				);
				MARKETING_VERSION = 1.0;
				PRODUCT_BUNDLE_IDENTIFIER = dev.notbusy.AppStoreSearchClone;
				PRODUCT_NAME = "$(TARGET_NAME)";
				SWIFT_EMIT_LOC_STRINGS = YES;
				SWIFT_VERSION = 5.0;
				TARGETED_DEVICE_FAMILY = "1,2";
			};
			name = Debug;
		};
		DDF0085029C60A2A00D4EB6A /* Release */ = {
			isa = XCBuildConfiguration;
			buildSettings = {
				ASSETCATALOG_COMPILER_APPICON_NAME = AppIcon;
				ASSETCATALOG_COMPILER_GLOBAL_ACCENT_COLOR_NAME = AccentColor;
				CODE_SIGN_STYLE = Automatic;
				CURRENT_PROJECT_VERSION = 1;
				DEVELOPMENT_TEAM = XLTUC52FU8;
				GENERATE_INFOPLIST_FILE = YES;
				INFOPLIST_FILE = AppStoreSearchClone/Info.plist;
				INFOPLIST_KEY_UIApplicationSupportsIndirectInputEvents = YES;
				INFOPLIST_KEY_UILaunchStoryboardName = LaunchScreen;
				INFOPLIST_KEY_UIMainStoryboardFile = Main;
				INFOPLIST_KEY_UISupportedInterfaceOrientations_iPad = "UIInterfaceOrientationPortrait UIInterfaceOrientationPortraitUpsideDown UIInterfaceOrientationLandscapeLeft UIInterfaceOrientationLandscapeRight";
				INFOPLIST_KEY_UISupportedInterfaceOrientations_iPhone = "UIInterfaceOrientationPortrait UIInterfaceOrientationLandscapeLeft UIInterfaceOrientationLandscapeRight";
				LD_RUNPATH_SEARCH_PATHS = (
					"$(inherited)",
					"@executable_path/Frameworks",
				);
				MARKETING_VERSION = 1.0;
				PRODUCT_BUNDLE_IDENTIFIER = dev.notbusy.AppStoreSearchClone;
				PRODUCT_NAME = "$(TARGET_NAME)";
				SWIFT_EMIT_LOC_STRINGS = YES;
				SWIFT_VERSION = 5.0;
				TARGETED_DEVICE_FAMILY = "1,2";
			};
			name = Release;
		};
		DDF0085229C60A2A00D4EB6A /* Debug */ = {
			isa = XCBuildConfiguration;
			buildSettings = {
				ALWAYS_EMBED_SWIFT_STANDARD_LIBRARIES = YES;
				BUNDLE_LOADER = "$(TEST_HOST)";
				CODE_SIGN_STYLE = Automatic;
				CURRENT_PROJECT_VERSION = 1;
				DEVELOPMENT_TEAM = XLTUC52FU8;
				GENERATE_INFOPLIST_FILE = YES;
				IPHONEOS_DEPLOYMENT_TARGET = 16.2;
				MARKETING_VERSION = 1.0;
				PRODUCT_BUNDLE_IDENTIFIER = dev.notbusy.AppStoreSearchCloneTests;
				PRODUCT_NAME = "$(TARGET_NAME)";
				SWIFT_EMIT_LOC_STRINGS = NO;
				SWIFT_VERSION = 5.0;
				TARGETED_DEVICE_FAMILY = "1,2";
				TEST_HOST = "$(BUILT_PRODUCTS_DIR)/AppStoreSearchClone.app/$(BUNDLE_EXECUTABLE_FOLDER_PATH)/AppStoreSearchClone";
			};
			name = Debug;
		};
		DDF0085329C60A2A00D4EB6A /* Release */ = {
			isa = XCBuildConfiguration;
			buildSettings = {
				ALWAYS_EMBED_SWIFT_STANDARD_LIBRARIES = YES;
				BUNDLE_LOADER = "$(TEST_HOST)";
				CODE_SIGN_STYLE = Automatic;
				CURRENT_PROJECT_VERSION = 1;
				DEVELOPMENT_TEAM = XLTUC52FU8;
				GENERATE_INFOPLIST_FILE = YES;
				IPHONEOS_DEPLOYMENT_TARGET = 16.2;
				MARKETING_VERSION = 1.0;
				PRODUCT_BUNDLE_IDENTIFIER = dev.notbusy.AppStoreSearchCloneTests;
				PRODUCT_NAME = "$(TARGET_NAME)";
				SWIFT_EMIT_LOC_STRINGS = NO;
				SWIFT_VERSION = 5.0;
				TARGETED_DEVICE_FAMILY = "1,2";
				TEST_HOST = "$(BUILT_PRODUCTS_DIR)/AppStoreSearchClone.app/$(BUNDLE_EXECUTABLE_FOLDER_PATH)/AppStoreSearchClone";
			};
			name = Release;
		};
		DDF0085529C60A2A00D4EB6A /* Debug */ = {
			isa = XCBuildConfiguration;
			buildSettings = {
				ALWAYS_EMBED_SWIFT_STANDARD_LIBRARIES = YES;
				CODE_SIGN_STYLE = Automatic;
				CURRENT_PROJECT_VERSION = 1;
				DEVELOPMENT_TEAM = XLTUC52FU8;
				GENERATE_INFOPLIST_FILE = YES;
				MARKETING_VERSION = 1.0;
				PRODUCT_BUNDLE_IDENTIFIER = dev.notbusy.AppStoreSearchCloneUITests;
				PRODUCT_NAME = "$(TARGET_NAME)";
				SWIFT_EMIT_LOC_STRINGS = NO;
				SWIFT_VERSION = 5.0;
				TARGETED_DEVICE_FAMILY = "1,2";
				TEST_TARGET_NAME = AppStoreSearchClone;
			};
			name = Debug;
		};
		DDF0085629C60A2A00D4EB6A /* Release */ = {
			isa = XCBuildConfiguration;
			buildSettings = {
				ALWAYS_EMBED_SWIFT_STANDARD_LIBRARIES = YES;
				CODE_SIGN_STYLE = Automatic;
				CURRENT_PROJECT_VERSION = 1;
				DEVELOPMENT_TEAM = XLTUC52FU8;
				GENERATE_INFOPLIST_FILE = YES;
				MARKETING_VERSION = 1.0;
				PRODUCT_BUNDLE_IDENTIFIER = dev.notbusy.AppStoreSearchCloneUITests;
				PRODUCT_NAME = "$(TARGET_NAME)";
				SWIFT_EMIT_LOC_STRINGS = NO;
				SWIFT_VERSION = 5.0;
				TARGETED_DEVICE_FAMILY = "1,2";
				TEST_TARGET_NAME = AppStoreSearchClone;
			};
			name = Release;
		};
/* End XCBuildConfiguration section */

/* Begin XCConfigurationList section */
		DDF0081F29C60A2900D4EB6A /* Build configuration list for PBXProject "AppStoreSearchClone" */ = {
			isa = XCConfigurationList;
			buildConfigurations = (
				DDF0084C29C60A2A00D4EB6A /* Debug */,
				DDF0084D29C60A2A00D4EB6A /* Release */,
			);
			defaultConfigurationIsVisible = 0;
			defaultConfigurationName = Release;
		};
		DDF0084E29C60A2A00D4EB6A /* Build configuration list for PBXNativeTarget "AppStoreSearchClone" */ = {
			isa = XCConfigurationList;
			buildConfigurations = (
				DDF0084F29C60A2A00D4EB6A /* Debug */,
				DDF0085029C60A2A00D4EB6A /* Release */,
			);
			defaultConfigurationIsVisible = 0;
			defaultConfigurationName = Release;
		};
		DDF0085129C60A2A00D4EB6A /* Build configuration list for PBXNativeTarget "AppStoreSearchCloneTests" */ = {
			isa = XCConfigurationList;
			buildConfigurations = (
				DDF0085229C60A2A00D4EB6A /* Debug */,
				DDF0085329C60A2A00D4EB6A /* Release */,
			);
			defaultConfigurationIsVisible = 0;
			defaultConfigurationName = Release;
		};
		DDF0085429C60A2A00D4EB6A /* Build configuration list for PBXNativeTarget "AppStoreSearchCloneUITests" */ = {
			isa = XCConfigurationList;
			buildConfigurations = (
				DDF0085529C60A2A00D4EB6A /* Debug */,
				DDF0085629C60A2A00D4EB6A /* Release */,
			);
			defaultConfigurationIsVisible = 0;
			defaultConfigurationName = Release;
		};
/* End XCConfigurationList section */
	};
	rootObject = DDF0081C29C60A2900D4EB6A /* Project object */;
}
